
Microsoft Visual Studio Solution File, Format Version 12.00
# Visual Studio Version 17
VisualStudioVersion = 17.11.35222.181
MinimumVisualStudioVersion = 10.0.40219.1
Project("{FAE04EC0-301F-11D3-BF4B-00C04F79EFBC}") = "OOP2A_2425_WordsInABox", "OOP2A_2425_WordsInABox\OOP2A_2425_WordsInABox.csproj", "{D95B27B4-3BD3-493F-91C4-67A15FC6747D}"
EndProject
Global
	GlobalSection(SolutionConfigurationPlatforms) = preSolution
		Debug|Any CPU = Debug|Any CPU
		Release|Any CPU = Release|Any CPU
	EndGlobalSection
	GlobalSection(ProjectConfigurationPlatforms) = postSolution
		{D95B27B4-3BD3-493F-91C4-67A15FC6747D}.Debug|Any CPU.ActiveCfg = Debug|Any CPU
		{D95B27B4-3BD3-493F-91C4-67A15FC6747D}.Debug|Any CPU.Build.0 = Debug|Any CPU
		{D95B27B4-3BD3-493F-91C4-67A15FC6747D}.Release|Any CPU.ActiveCfg = Release|Any CPU
		{D95B27B4-3BD3-493F-91C4-67A15FC6747D}.Release|Any CPU.Build.0 = Release|Any CPU
	EndGlobalSection
	GlobalSection(SolutionProperties) = preSolution
		HideSolutionNode = FALSE
	EndGlobalSection
	GlobalSection(ExtensibilityGlobals) = postSolution
		SolutionGuid = {197E5240-18B9-4213-86AA-6DC994207CFE}
	EndGlobalSection
EndGlobal
